
Microsoft Visual Studio Solution File, Format Version 12.00
# Visual Studio Version 17
VisualStudioVersion = 17.14.36705.20 d17.14
MinimumVisualStudioVersion = 10.0.40219.1
Project("{FAE04EC0-301F-11D3-BF4B-00C04F79EFBC}") = "VendingMachinesApi26", "VendingMachinesApi26\VendingMachinesApi26.csproj", "{80661515-8996-44D9-A4F2-8F2570A91648}"
EndProject
Global
	GlobalSection(SolutionConfigurationPlatforms) = preSolution
		Debug|Any CPU = Debug|Any CPU
		Release|Any CPU = Release|Any CPU
	EndGlobalSection
	GlobalSection(ProjectConfigurationPlatforms) = postSolution
		{80661515-8996-44D9-A4F2-8F2570A91648}.Debug|Any CPU.ActiveCfg = Debug|Any CPU
		{80661515-8996-44D9-A4F2-8F2570A91648}.Debug|Any CPU.Build.0 = Debug|Any CPU
		{80661515-8996-44D9-A4F2-8F2570A91648}.Release|Any CPU.ActiveCfg = Release|Any CPU
		{80661515-8996-44D9-A4F2-8F2570A91648}.Release|Any CPU.Build.0 = Release|Any CPU
	EndGlobalSection
	GlobalSection(SolutionProperties) = preSolution
		HideSolutionNode = FALSE
	EndGlobalSection
	GlobalSection(ExtensibilityGlobals) = postSolution
		SolutionGuid = {BF05BDB3-671E-4DDE-97FE-3E0345367EAD}
	EndGlobalSection
EndGlobal
